
Microsoft Visual Studio Solution File, Format Version 12.00
# Visual Studio Version 17
VisualStudioVersion = 17.11.35327.3
MinimumVisualStudioVersion = 10.0.40219.1
Project("{FAE04EC0-301F-11D3-BF4B-00C04F79EFBC}") = "Storage", "Storage.csproj", "{2C0D25D7-4CE1-4B36-AD97-406907532510}"
EndProject
Global
	GlobalSection(SolutionConfigurationPlatforms) = preSolution
		Debug|Any CPU = Debug|Any CPU
		Release|Any CPU = Release|Any CPU
	EndGlobalSection
	GlobalSection(ProjectConfigurationPlatforms) = postSolution
		{2C0D25D7-4CE1-4B36-AD97-406907532510}.Debug|Any CPU.ActiveCfg = Debug|Any CPU
		{2C0D25D7-4CE1-4B36-AD97-406907532510}.Debug|Any CPU.Build.0 = Debug|Any CPU
		{2C0D25D7-4CE1-4B36-AD97-406907532510}.Release|Any CPU.ActiveCfg = Release|Any CPU
		{2C0D25D7-4CE1-4B36-AD97-406907532510}.Release|Any CPU.Build.0 = Release|Any CPU
	EndGlobalSection
	GlobalSection(SolutionProperties) = preSolution
		HideSolutionNode = FALSE
	EndGlobalSection
	GlobalSection(ExtensibilityGlobals) = postSolution
		SolutionGuid = {73E9727C-DC0F-46DE-BE3B-8D56E92669FE}
	EndGlobalSection
EndGlobal
